<?xml version="1.0" encoding="utf-8"?>
<Project ToolsVersion="4.0" xmlns="http://schemas.microsoft.com/developer/msbuild/2003">
  <ItemGroup>
    <Filter Include="Header Files">
      <UniqueIdentifier>{93995380-89BD-4b04-88EB-625FBE52EBFB}</UniqueIdentifier>
      <Extensions>h;hh;hpp;hxx;hm;inl;inc;xsd</Extensions>
    </Filter>
    <Filter Include="Implementation Files">
      <UniqueIdentifier>{79996ba0-e3ed-4c4e-86e4-860eebe9591a}</UniqueIdentifier>
    </Filter>
    <Filter Include="Testing Files">
      <UniqueIdentifier>{4FC737F1-C7A5-4376-A066-2A32D752A2FF}</UniqueIdentifier>
      <Extensions>cpp;c;cc;cxx;def;odl;idl;hpj;bat;asm;asmx</Extensions>
    </Filter>
  </ItemGroup>
  <ItemGroup>
    <ClCompile Include="Temp.cpp">
      <Filter>Testing Files</Filter>
    </ClCompile>
    <ClCompile Include="Main_Tester.cpp">
      <Filter>Testing Files</Filter>
    </ClCompile>
    <ClCompile Include="Single Linked List.cpp">
      <Filter>Implementation Files</Filter>
    </ClCompile>
  </ItemGroup>
  <ItemGroup>
    <ClInclude Include="Single Linked List.h">
      <Filter>Header Files</Filter>
    </ClInclude>
    <ClInclude Include="General Header.h">
      <Filter>Header Files</Filter>
    </ClInclude>
  </ItemGroup>
</Project>